// !$*UTF8*$!
{
	archiveVersion = 1;
	classes = {
	};
	objectVersion = 56;
	objects = {

/* Begin PBXBuildFile section */
		FB4055DD2BF9221F007588C7 /* SignUpView.swift in Sources */ = {isa = PBXBuildFile; fileRef = FB4055DC2BF9221F007588C7 /* SignUpView.swift */; };
		FB4055DF2BF926AD007588C7 /* BackButtonView.swift in Sources */ = {isa = PBXBuildFile; fileRef = FB4055DE2BF926AD007588C7 /* BackButtonView.swift */; };
		FB4055E42BF93277007588C7 /* inputs.swift in Sources */ = {isa = PBXBuildFile; fileRef = FB4055E32BF93277007588C7 /* inputs.swift */; };
		FB4055E62BF93CE4007588C7 /* StepperButton.swift in Sources */ = {isa = PBXBuildFile; fileRef = FB4055E52BF93CE4007588C7 /* StepperButton.swift */; };
		FBC543172C025E310055CB49 /* signUpViewModel.swift in Sources */ = {isa = PBXBuildFile; fileRef = FBC543162C025E310055CB49 /* signUpViewModel.swift */; };
		FBC5431C2C02708F0055CB49 /* GoogleService-Info.plist in Resources */ = {isa = PBXBuildFile; fileRef = FBC5431B2C02708F0055CB49 /* GoogleService-Info.plist */; };
		FBC5431F2C0273380055CB49 /* FirebaseAuth in Frameworks */ = {isa = PBXBuildFile; productRef = FBC5431E2C0273380055CB49 /* FirebaseAuth */; };
		FBC543212C0273380055CB49 /* FirebaseFirestore in Frameworks */ = {isa = PBXBuildFile; productRef = FBC543202C0273380055CB49 /* FirebaseFirestore */; };
		FBC543232C0273380055CB49 /* FirebaseStorage in Frameworks */ = {isa = PBXBuildFile; productRef = FBC543222C0273380055CB49 /* FirebaseStorage */; };
		FBC543272C0274630055CB49 /* AppDelegate.swift in Sources */ = {isa = PBXBuildFile; fileRef = FBC543262C0274630055CB49 /* AppDelegate.swift */; };
		FBD0186F2BEFF2BD00D2EB65 /* Spotify_clon_AApp.swift in Sources */ = {isa = PBXBuildFile; fileRef = FBD0186E2BEFF2BD00D2EB65 /* Spotify_clon_AApp.swift */; };
		FBD018732BEFF2BE00D2EB65 /* Assets.xcassets in Resources */ = {isa = PBXBuildFile; fileRef = FBD018722BEFF2BE00D2EB65 /* Assets.xcassets */; };
		FBD018762BEFF2BE00D2EB65 /* Preview Assets.xcassets in Resources */ = {isa = PBXBuildFile; fileRef = FBD018752BEFF2BE00D2EB65 /* Preview Assets.xcassets */; };
		FBD018782BEFF2BE00D2EB65 /* Persistence.swift in Sources */ = {isa = PBXBuildFile; fileRef = FBD018772BEFF2BE00D2EB65 /* Persistence.swift */; };
		FBD0187B2BEFF2BE00D2EB65 /* Spotify_clon_A.xcdatamodeld in Sources */ = {isa = PBXBuildFile; fileRef = FBD018792BEFF2BE00D2EB65 /* Spotify_clon_A.xcdatamodeld */; };
		FBD018822BEFF3E000D2EB65 /* SignInView.swift in Sources */ = {isa = PBXBuildFile; fileRef = FBD018812BEFF3E000D2EB65 /* SignInView.swift */; };
		FBD018852BEFF98900D2EB65 /* ButtonView.swift in Sources */ = {isa = PBXBuildFile; fileRef = FBD018842BEFF98900D2EB65 /* ButtonView.swift */; };
		FBE299492C0B986500F1FE31 /* ButtonArtistView.swift in Sources */ = {isa = PBXBuildFile; fileRef = FBE299482C0B986500F1FE31 /* ButtonArtistView.swift */; };
/* End PBXBuildFile section */

/* Begin PBXFileReference section */
		FB4055DC2BF9221F007588C7 /* SignUpView.swift */ = {isa = PBXFileReference; lastKnownFileType = sourcecode.swift; path = SignUpView.swift; sourceTree = "<group>"; };
		FB4055DE2BF926AD007588C7 /* BackButtonView.swift */ = {isa = PBXFileReference; lastKnownFileType = sourcecode.swift; path = BackButtonView.swift; sourceTree = "<group>"; };
		FB4055E32BF93277007588C7 /* inputs.swift */ = {isa = PBXFileReference; lastKnownFileType = sourcecode.swift; path = inputs.swift; sourceTree = "<group>"; };
		FB4055E52BF93CE4007588C7 /* StepperButton.swift */ = {isa = PBXFileReference; lastKnownFileType = sourcecode.swift; path = StepperButton.swift; sourceTree = "<group>"; };
		FBC543162C025E310055CB49 /* signUpViewModel.swift */ = {isa = PBXFileReference; lastKnownFileType = sourcecode.swift; path = signUpViewModel.swift; sourceTree = "<group>"; };
		FBC5431B2C02708F0055CB49 /* GoogleService-Info.plist */ = {isa = PBXFileReference; lastKnownFileType = text.plist; path = "GoogleService-Info.plist"; sourceTree = SOURCE_ROOT; };
		FBC543262C0274630055CB49 /* AppDelegate.swift */ = {isa = PBXFileReference; lastKnownFileType = sourcecode.swift; path = AppDelegate.swift; sourceTree = "<group>"; };
		FBD0186B2BEFF2BD00D2EB65 /* Spotify_clon_A.app */ = {isa = PBXFileReference; explicitFileType = wrapper.application; includeInIndex = 0; path = Spotify_clon_A.app; sourceTree = BUILT_PRODUCTS_DIR; };
		FBD0186E2BEFF2BD00D2EB65 /* Spotify_clon_AApp.swift */ = {isa = PBXFileReference; lastKnownFileType = sourcecode.swift; path = Spotify_clon_AApp.swift; sourceTree = "<group>"; };
		FBD018722BEFF2BE00D2EB65 /* Assets.xcassets */ = {isa = PBXFileReference; lastKnownFileType = folder.assetcatalog; path = Assets.xcassets; sourceTree = "<group>"; };
		FBD018752BEFF2BE00D2EB65 /* Preview Assets.xcassets */ = {isa = PBXFileReference; lastKnownFileType = folder.assetcatalog; path = "Preview Assets.xcassets"; sourceTree = "<group>"; };
		FBD018772BEFF2BE00D2EB65 /* Persistence.swift */ = {isa = PBXFileReference; lastKnownFileType = sourcecode.swift; path = Persistence.swift; sourceTree = "<group>"; };
		FBD0187A2BEFF2BE00D2EB65 /* Spotify_clon_A.xcdatamodel */ = {isa = PBXFileReference; lastKnownFileType = wrapper.xcdatamodel; path = Spotify_clon_A.xcdatamodel; sourceTree = "<group>"; };
		FBD018812BEFF3E000D2EB65 /* SignInView.swift */ = {isa = PBXFileReference; lastKnownFileType = sourcecode.swift; path = SignInView.swift; sourceTree = "<group>"; };
		FBD018842BEFF98900D2EB65 /* ButtonView.swift */ = {isa = PBXFileReference; lastKnownFileType = sourcecode.swift; path = ButtonView.swift; sourceTree = "<group>"; };
		FBE299482C0B986500F1FE31 /* ButtonArtistView.swift */ = {isa = PBXFileReference; lastKnownFileType = sourcecode.swift; name = ButtonArtistView.swift; path = "../../../../Cisneros/spotify-clone-b/spotify-clone-b/component/ButtonArtistView.swift"; sourceTree = "<group>"; };
/* End PBXFileReference section */

/* Begin PBXFrameworksBuildPhase section */
		FBD018682BEFF2BD00D2EB65 /* Frameworks */ = {
			isa = PBXFrameworksBuildPhase;
			buildActionMask = 2147483647;
			files = (
				FBC5431F2C0273380055CB49 /* FirebaseAuth in Frameworks */,
				FBC543212C0273380055CB49 /* FirebaseFirestore in Frameworks */,
				FBC543232C0273380055CB49 /* FirebaseStorage in Frameworks */,
			);
			runOnlyForDeploymentPostprocessing = 0;
		};
/* End PBXFrameworksBuildPhase section */

/* Begin PBXGroup section */
		FB4055E02BF931E8007588C7 /* mock */ = {
			isa = PBXGroup;
			children = (
				FB4055E32BF93277007588C7 /* inputs.swift */,
			);
			path = mock;
			sourceTree = "<group>";
		};
		FBC543132C025DCE0055CB49 /* viewModels */ = {
			isa = PBXGroup;
			children = (
				FBC543162C025E310055CB49 /* signUpViewModel.swift */,
			);
			path = viewModels;
			sourceTree = "<group>";
		};
		FBD018622BEFF2BD00D2EB65 = {
			isa = PBXGroup;
			children = (
				FBD0186D2BEFF2BD00D2EB65 /* Spotify_clon_A */,
				FBD0186C2BEFF2BD00D2EB65 /* Products */,
			);
			sourceTree = "<group>";
		};
		FBD0186C2BEFF2BD00D2EB65 /* Products */ = {
			isa = PBXGroup;
			children = (
				FBD0186B2BEFF2BD00D2EB65 /* Spotify_clon_A.app */,
			);
			name = Products;
			sourceTree = "<group>";
		};
		FBD0186D2BEFF2BD00D2EB65 /* Spotify_clon_A */ = {
			isa = PBXGroup;
			children = (
				FBC5431B2C02708F0055CB49 /* GoogleService-Info.plist */,
				FBC543132C025DCE0055CB49 /* viewModels */,
				FB4055E02BF931E8007588C7 /* mock */,
				FBD0186E2BEFF2BD00D2EB65 /* Spotify_clon_AApp.swift */,
				FBD018832BEFF96400D2EB65 /* components */,
				FBD018812BEFF3E000D2EB65 /* SignInView.swift */,
				FB4055DC2BF9221F007588C7 /* SignUpView.swift */,
				FBD018722BEFF2BE00D2EB65 /* Assets.xcassets */,
				FBD018772BEFF2BE00D2EB65 /* Persistence.swift */,
				FBD018792BEFF2BE00D2EB65 /* Spotify_clon_A.xcdatamodeld */,
				FBD018742BEFF2BE00D2EB65 /* Preview Content */,
				FBC543262C0274630055CB49 /* AppDelegate.swift */,
			);
			path = Spotify_clon_A;
			sourceTree = "<group>";
		};
		FBD018742BEFF2BE00D2EB65 /* Preview Content */ = {
			isa = PBXGroup;
			children = (
				FBD018752BEFF2BE00D2EB65 /* Preview Assets.xcassets */,
			);
			path = "Preview Content";
			sourceTree = "<group>";
		};
		FBD018832BEFF96400D2EB65 /* components */ = {
			isa = PBXGroup;
			children = (
				FBD018842BEFF98900D2EB65 /* ButtonView.swift */,
				FB4055DE2BF926AD007588C7 /* BackButtonView.swift */,
				FB4055E52BF93CE4007588C7 /* StepperButton.swift */,
				FBE299482C0B986500F1FE31 /* ButtonArtistView.swift */,
			);
			path = components;
			sourceTree = "<group>";
		};
/* End PBXGroup section */

/* Begin PBXNativeTarget section */
		FBD0186A2BEFF2BD00D2EB65 /* Spotify_clon_A */ = {
			isa = PBXNativeTarget;
			buildConfigurationList = FBD0187E2BEFF2BE00D2EB65 /* Build configuration list for PBXNativeTarget "Spotify_clon_A" */;
			buildPhases = (
				FBD018672BEFF2BD00D2EB65 /* Sources */,
				FBD018682BEFF2BD00D2EB65 /* Frameworks */,
				FBD018692BEFF2BD00D2EB65 /* Resources */,
			);
			buildRules = (
			);
			dependencies = (
			);
			name = Spotify_clon_A;
			packageProductDependencies = (
				FBC5431E2C0273380055CB49 /* FirebaseAuth */,
				FBC543202C0273380055CB49 /* FirebaseFirestore */,
				FBC543222C0273380055CB49 /* FirebaseStorage */,
			);
			productName = Spotify_clon_A;
			productReference = FBD0186B2BEFF2BD00D2EB65 /* Spotify_clon_A.app */;
			productType = "com.apple.product-type.application";
		};
/* End PBXNativeTarget section */

/* Begin PBXProject section */
		FBD018632BEFF2BD00D2EB65 /* Project object */ = {
			isa = PBXProject;
			attributes = {
				BuildIndependentTargetsInParallel = 1;
				LastSwiftUpdateCheck = 1520;
				LastUpgradeCheck = 1520;
				TargetAttributes = {
					FBD0186A2BEFF2BD00D2EB65 = {
						CreatedOnToolsVersion = 15.2;
					};
				};
			};
			buildConfigurationList = FBD018662BEFF2BD00D2EB65 /* Build configuration list for PBXProject "Spotify_clon_A" */;
			compatibilityVersion = "Xcode 14.0";
			developmentRegion = en;
			hasScannedForEncodings = 0;
			knownRegions = (
				en,
				Base,
			);
			mainGroup = FBD018622BEFF2BD00D2EB65;
			packageReferences = (
				FBC5431D2C0273380055CB49 /* XCRemoteSwiftPackageReference "firebase-ios-sdk" */,
			);
			productRefGroup = FBD0186C2BEFF2BD00D2EB65 /* Products */;
			projectDirPath = "";
			projectRoot = "";
			targets = (
				FBD0186A2BEFF2BD00D2EB65 /* Spotify_clon_A */,
			);
		};
/* End PBXProject section */

/* Begin PBXResourcesBuildPhase section */
		FBD018692BEFF2BD00D2EB65 /* Resources */ = {
			isa = PBXResourcesBuildPhase;
			buildActionMask = 2147483647;
			files = (
				FBD018762BEFF2BE00D2EB65 /* Preview Assets.xcassets in Resources */,
				FBD018732BEFF2BE00D2EB65 /* Assets.xcassets in Resources */,
				FBC5431C2C02708F0055CB49 /* GoogleService-Info.plist in Resources */,
			);
			runOnlyForDeploymentPostprocessing = 0;
		};
/* End PBXResourcesBuildPhase section */

/* Begin PBXSourcesBuildPhase section */
		FBD018672BEFF2BD00D2EB65 /* Sources */ = {
			isa = PBXSourcesBuildPhase;
			buildActionMask = 2147483647;
			files = (
				FBC543272C0274630055CB49 /* AppDelegate.swift in Sources */,
				FBC543172C025E310055CB49 /* signUpViewModel.swift in Sources */,
				FBD0187B2BEFF2BE00D2EB65 /* Spotify_clon_A.xcdatamodeld in Sources */,
				FB4055DF2BF926AD007588C7 /* BackButtonView.swift in Sources */,
				FB4055E42BF93277007588C7 /* inputs.swift in Sources */,
				FBD018782BEFF2BE00D2EB65 /* Persistence.swift in Sources */,
				FBD018852BEFF98900D2EB65 /* ButtonView.swift in Sources */,
				FBE299492C0B986500F1FE31 /* ButtonArtistView.swift in Sources */,
				FB4055E62BF93CE4007588C7 /* StepperButton.swift in Sources */,
				FBD018822BEFF3E000D2EB65 /* SignInView.swift in Sources */,
				FB4055DD2BF9221F007588C7 /* SignUpView.swift in Sources */,
				FBD0186F2BEFF2BD00D2EB65 /* Spotify_clon_AApp.swift in Sources */,
			);
			runOnlyForDeploymentPostprocessing = 0;
		};
/* End PBXSourcesBuildPhase section */

/* Begin XCBuildConfiguration section */
		FBD0187C2BEFF2BE00D2EB65 /* Debug */ = {
			isa = XCBuildConfiguration;
			buildSettings = {
				ALWAYS_SEARCH_USER_PATHS = NO;
				ASSETCATALOG_COMPILER_GENERATE_SWIFT_ASSET_SYMBOL_EXTENSIONS = YES;
				CLANG_ANALYZER_NONNULL = YES;
				CLANG_ANALYZER_NUMBER_OBJECT_CONVERSION = YES_AGGRESSIVE;
				CLANG_CXX_LANGUAGE_STANDARD = "gnu++20";
				CLANG_ENABLE_MODULES = YES;
				CLANG_ENABLE_OBJC_ARC = YES;
				CLANG_ENABLE_OBJC_WEAK = YES;
				CLANG_WARN_BLOCK_CAPTURE_AUTORELEASING = YES;
				CLANG_WARN_BOOL_CONVERSION = YES;
				CLANG_WARN_COMMA = YES;
				CLANG_WARN_CONSTANT_CONVERSION = YES;
				CLANG_WARN_DEPRECATED_OBJC_IMPLEMENTATIONS = YES;
				CLANG_WARN_DIRECT_OBJC_ISA_USAGE = YES_ERROR;
				CLANG_WARN_DOCUMENTATION_COMMENTS = YES;
				CLANG_WARN_EMPTY_BODY = YES;
				CLANG_WARN_ENUM_CONVERSION = YES;
				CLANG_WARN_INFINITE_RECURSION = YES;
				CLANG_WARN_INT_CONVERSION = YES;
				CLANG_WARN_NON_LITERAL_NULL_CONVERSION = YES;
				CLANG_WARN_OBJC_IMPLICIT_RETAIN_SELF = YES;
				CLANG_WARN_OBJC_LITERAL_CONVERSION = YES;
				CLANG_WARN_OBJC_ROOT_CLASS = YES_ERROR;
				CLANG_WARN_QUOTED_INCLUDE_IN_FRAMEWORK_HEADER = YES;
				CLANG_WARN_RANGE_LOOP_ANALYSIS = YES;
				CLANG_WARN_STRICT_PROTOTYPES = YES;
				CLANG_WARN_SUSPICIOUS_MOVE = YES;
				CLANG_WARN_UNGUARDED_AVAILABILITY = YES_AGGRESSIVE;
				CLANG_WARN_UNREACHABLE_CODE = YES;
				CLANG_WARN__DUPLICATE_METHOD_MATCH = YES;
				COPY_PHASE_STRIP = NO;
				DEBUG_INFORMATION_FORMAT = dwarf;
				ENABLE_STRICT_OBJC_MSGSEND = YES;
				ENABLE_TESTABILITY = YES;
				ENABLE_USER_SCRIPT_SANDBOXING = YES;
				GCC_C_LANGUAGE_STANDARD = gnu17;
				GCC_DYNAMIC_NO_PIC = NO;
				GCC_NO_COMMON_BLOCKS = YES;
				GCC_OPTIMIZATION_LEVEL = 0;
				GCC_PREPROCESSOR_DEFINITIONS = (
					"DEBUG=1",
					"$(inherited)",
				);
				GCC_WARN_64_TO_32_BIT_CONVERSION = YES;
				GCC_WARN_ABOUT_RETURN_TYPE = YES_ERROR;
				GCC_WARN_UNDECLARED_SELECTOR = YES;
				GCC_WARN_UNINITIALIZED_AUTOS = YES_AGGRESSIVE;
				GCC_WARN_UNUSED_FUNCTION = YES;
				GCC_WARN_UNUSED_VARIABLE = YES;
				IPHONEOS_DEPLOYMENT_TARGET = 17.2;
				LOCALIZATION_PREFERS_STRING_CATALOGS = YES;
				MTL_ENABLE_DEBUG_INFO = INCLUDE_SOURCE;
				MTL_FAST_MATH = YES;
				ONLY_ACTIVE_ARCH = YES;
				SDKROOT = iphoneos;
				SWIFT_ACTIVE_COMPILATION_CONDITIONS = "DEBUG $(inherited)";
				SWIFT_OPTIMIZATION_LEVEL = "-Onone";
			};
			name = Debug;
		};
		FBD0187D2BEFF2BE00D2EB65 /* Release */ = {
			isa = XCBuildConfiguration;
			buildSettings = {
				ALWAYS_SEARCH_USER_PATHS = NO;
				ASSETCATALOG_COMPILER_GENERATE_SWIFT_ASSET_SYMBOL_EXTENSIONS = YES;
				CLANG_ANALYZER_NONNULL = YES;
				CLANG_ANALYZER_NUMBER_OBJECT_CONVERSION = YES_AGGRESSIVE;
				CLANG_CXX_LANGUAGE_STANDARD = "gnu++20";
				CLANG_ENABLE_MODULES = YES;
				CLANG_ENABLE_OBJC_ARC = YES;
				CLANG_ENABLE_OBJC_WEAK = YES;
				CLANG_WARN_BLOCK_CAPTURE_AUTORELEASING = YES;
				CLANG_WARN_BOOL_CONVERSION = YES;
				CLANG_WARN_COMMA = YES;
				CLANG_WARN_CONSTANT_CONVERSION = YES;
				CLANG_WARN_DEPRECATED_OBJC_IMPLEMENTATIONS = YES;
				CLANG_WARN_DIRECT_OBJC_ISA_USAGE = YES_ERROR;
				CLANG_WARN_DOCUMENTATION_COMMENTS = YES;
				CLANG_WARN_EMPTY_BODY = YES;
				CLANG_WARN_ENUM_CONVERSION = YES;
				CLANG_WARN_INFINITE_RECURSION = YES;
				CLANG_WARN_INT_CONVERSION = YES;
				CLANG_WARN_NON_LITERAL_NULL_CONVERSION = YES;
				CLANG_WARN_OBJC_IMPLICIT_RETAIN_SELF = YES;
				CLANG_WARN_OBJC_LITERAL_CONVERSION = YES;
				CLANG_WARN_OBJC_ROOT_CLASS = YES_ERROR;
				CLANG_WARN_QUOTED_INCLUDE_IN_FRAMEWORK_HEADER = YES;
				CLANG_WARN_RANGE_LOOP_ANALYSIS = YES;
				CLANG_WARN_STRICT_PROTOTYPES = YES;
				CLANG_WARN_SUSPICIOUS_MOVE = YES;
				CLANG_WARN_UNGUARDED_AVAILABILITY = YES_AGGRESSIVE;
				CLANG_WARN_UNREACHABLE_CODE = YES;
				CLANG_WARN__DUPLICATE_METHOD_MATCH = YES;
				COPY_PHASE_STRIP = NO;
				DEBUG_INFORMATION_FORMAT = "dwarf-with-dsym";
				ENABLE_NS_ASSERTIONS = NO;
				ENABLE_STRICT_OBJC_MSGSEND = YES;
				ENABLE_USER_SCRIPT_SANDBOXING = YES;
				GCC_C_LANGUAGE_STANDARD = gnu17;
				GCC_NO_COMMON_BLOCKS = YES;
				GCC_WARN_64_TO_32_BIT_CONVERSION = YES;
				GCC_WARN_ABOUT_RETURN_TYPE = YES_ERROR;
				GCC_WARN_UNDECLARED_SELECTOR = YES;
				GCC_WARN_UNINITIALIZED_AUTOS = YES_AGGRESSIVE;
				GCC_WARN_UNUSED_FUNCTION = YES;
				GCC_WARN_UNUSED_VARIABLE = YES;
				IPHONEOS_DEPLOYMENT_TARGET = 17.2;
				LOCALIZATION_PREFERS_STRING_CATALOGS = YES;
				MTL_ENABLE_DEBUG_INFO = NO;
				MTL_FAST_MATH = YES;
				SDKROOT = iphoneos;
				SWIFT_COMPILATION_MODE = wholemodule;
				VALIDATE_PRODUCT = YES;
			};
			name = Release;
		};
		FBD0187F2BEFF2BE00D2EB65 /* Debug */ = {
			isa = XCBuildConfiguration;
			buildSettings = {
				ASSETCATALOG_COMPILER_APPICON_NAME = AppIcon;
				ASSETCATALOG_COMPILER_GLOBAL_ACCENT_COLOR_NAME = AccentColor;
				CODE_SIGN_STYLE = Automatic;
				CURRENT_PROJECT_VERSION = 1;
				DEVELOPMENT_ASSET_PATHS = "\"Spotify_clon_A/Preview Content\"";
				ENABLE_PREVIEWS = YES;
				GENERATE_INFOPLIST_FILE = YES;
				INFOPLIST_KEY_UIApplicationSceneManifest_Generation = YES;
				INFOPLIST_KEY_UIApplicationSupportsIndirectInputEvents = YES;
				INFOPLIST_KEY_UILaunchScreen_Generation = YES;
				INFOPLIST_KEY_UISupportedInterfaceOrientations_iPad = "UIInterfaceOrientationPortrait UIInterfaceOrientationPortraitUpsideDown UIInterfaceOrientationLandscapeLeft UIInterfaceOrientationLandscapeRight";
				INFOPLIST_KEY_UISupportedInterfaceOrientations_iPhone = "UIInterfaceOrientationPortrait UIInterfaceOrientationLandscapeLeft UIInterfaceOrientationLandscapeRight";
				LD_RUNPATH_SEARCH_PATHS = (
					"$(inherited)",
					"@executable_path/Frameworks",
				);
				MARKETING_VERSION = 1.0;
				PRODUCT_BUNDLE_IDENTIFIER = "com.tecsup.Spotify-clon-A";
				PRODUCT_NAME = "$(TARGET_NAME)";
				SWIFT_EMIT_LOC_STRINGS = YES;
				SWIFT_VERSION = 5.0;
				TARGETED_DEVICE_FAMILY = "1,2";
			};
			name = Debug;
		};
		FBD018802BEFF2BE00D2EB65 /* Release */ = {
			isa = XCBuildConfiguration;
			buildSettings = {
				ASSETCATALOG_COMPILER_APPICON_NAME = AppIcon;
				ASSETCATALOG_COMPILER_GLOBAL_ACCENT_COLOR_NAME = AccentColor;
				CODE_SIGN_STYLE = Automatic;
				CURRENT_PROJECT_VERSION = 1;
				DEVELOPMENT_ASSET_PATHS = "\"Spotify_clon_A/Preview Content\"";
				ENABLE_PREVIEWS = YES;
				GENERATE_INFOPLIST_FILE = YES;
				INFOPLIST_KEY_UIApplicationSceneManifest_Generation = YES;
				INFOPLIST_KEY_UIApplicationSupportsIndirectInputEvents = YES;
				INFOPLIST_KEY_UILaunchScreen_Generation = YES;
				INFOPLIST_KEY_UISupportedInterfaceOrientations_iPad = "UIInterfaceOrientationPortrait UIInterfaceOrientationPortraitUpsideDown UIInterfaceOrientationLandscapeLeft UIInterfaceOrientationLandscapeRight";
				INFOPLIST_KEY_UISupportedInterfaceOrientations_iPhone = "UIInterfaceOrientationPortrait UIInterfaceOrientationLandscapeLeft UIInterfaceOrientationLandscapeRight";
				LD_RUNPATH_SEARCH_PATHS = (
					"$(inherited)",
					"@executable_path/Frameworks",
				);
				MARKETING_VERSION = 1.0;
				PRODUCT_BUNDLE_IDENTIFIER = "com.tecsup.Spotify-clon-A";
				PRODUCT_NAME = "$(TARGET_NAME)";
				SWIFT_EMIT_LOC_STRINGS = YES;
				SWIFT_VERSION = 5.0;
				TARGETED_DEVICE_FAMILY = "1,2";
			};
			name = Release;
		};
/* End XCBuildConfiguration section */

/* Begin XCConfigurationList section */
		FBD018662BEFF2BD00D2EB65 /* Build configuration list for PBXProject "Spotify_clon_A" */ = {
			isa = XCConfigurationList;
			buildConfigurations = (
				FBD0187C2BEFF2BE00D2EB65 /* Debug */,
				FBD0187D2BEFF2BE00D2EB65 /* Release */,
			);
			defaultConfigurationIsVisible = 0;
			defaultConfigurationName = Release;
		};
		FBD0187E2BEFF2BE00D2EB65 /* Build configuration list for PBXNativeTarget "Spotify_clon_A" */ = {
			isa = XCConfigurationList;
			buildConfigurations = (
				FBD0187F2BEFF2BE00D2EB65 /* Debug */,
				FBD018802BEFF2BE00D2EB65 /* Release */,
			);
			defaultConfigurationIsVisible = 0;
			defaultConfigurationName = Release;
		};
/* End XCConfigurationList section */

/* Begin XCRemoteSwiftPackageReference section */
		FBC5431D2C0273380055CB49 /* XCRemoteSwiftPackageReference "firebase-ios-sdk" */ = {
			isa = XCRemoteSwiftPackageReference;
			repositoryURL = "https://github.com/firebase/firebase-ios-sdk";
			requirement = {
				kind = upToNextMajorVersion;
				minimumVersion = 10.26.0;
			};
		};
/* End XCRemoteSwiftPackageReference section */

/* Begin XCSwiftPackageProductDependency section */
		FBC5431E2C0273380055CB49 /* FirebaseAuth */ = {
			isa = XCSwiftPackageProductDependency;
			package = FBC5431D2C0273380055CB49 /* XCRemoteSwiftPackageReference "firebase-ios-sdk" */;
			productName = FirebaseAuth;
		};
		FBC543202C0273380055CB49 /* FirebaseFirestore */ = {
			isa = XCSwiftPackageProductDependency;
			package = FBC5431D2C0273380055CB49 /* XCRemoteSwiftPackageReference "firebase-ios-sdk" */;
			productName = FirebaseFirestore;
		};
		FBC543222C0273380055CB49 /* FirebaseStorage */ = {
			isa = XCSwiftPackageProductDependency;
			package = FBC5431D2C0273380055CB49 /* XCRemoteSwiftPackageReference "firebase-ios-sdk" */;
			productName = FirebaseStorage;
		};
/* End XCSwiftPackageProductDependency section */

/* Begin XCVersionGroup section */
		FBD018792BEFF2BE00D2EB65 /* Spotify_clon_A.xcdatamodeld */ = {
			isa = XCVersionGroup;
			children = (
				FBD0187A2BEFF2BE00D2EB65 /* Spotify_clon_A.xcdatamodel */,
			);
			currentVersion = FBD0187A2BEFF2BE00D2EB65 /* Spotify_clon_A.xcdatamodel */;
			path = Spotify_clon_A.xcdatamodeld;
			sourceTree = "<group>";
			versionGroupType = wrapper.xcdatamodel;
		};
/* End XCVersionGroup section */
	};
	rootObject = FBD018632BEFF2BD00D2EB65 /* Project object */;
}
